
Microsoft Visual Studio Solution File, Format Version 12.00
# Visual Studio Version 16
VisualStudioVersion = 16.0.29911.84
MinimumVisualStudioVersion = 10.0.40219.1
Project("{FAE04EC0-301F-11D3-BF4B-00C04F79EFBC}") = "Lab5", "Lab5.csproj", "{475A9F39-209A-4429-A13F-C08137F58DF4}"
EndProject
Global
	GlobalSection(SolutionConfigurationPlatforms) = preSolution
		Debug|Any CPU = Debug|Any CPU
		Release|Any CPU = Release|Any CPU
	EndGlobalSection
	GlobalSection(ProjectConfigurationPlatforms) = postSolution
		{475A9F39-209A-4429-A13F-C08137F58DF4}.Debug|Any CPU.ActiveCfg = Debug|Any CPU
		{475A9F39-209A-4429-A13F-C08137F58DF4}.Debug|Any CPU.Build.0 = Debug|Any CPU
		{475A9F39-209A-4429-A13F-C08137F58DF4}.Release|Any CPU.ActiveCfg = Release|Any CPU
		{475A9F39-209A-4429-A13F-C08137F58DF4}.Release|Any CPU.Build.0 = Release|Any CPU
	EndGlobalSection
	GlobalSection(SolutionProperties) = preSolution
		HideSolutionNode = FALSE
	EndGlobalSection
	GlobalSection(ExtensibilityGlobals) = postSolution
		SolutionGuid = {BDA4DDA3-A5B4-42BB-809F-C218622592D1}
	EndGlobalSection
EndGlobal
